
Microsoft Visual Studio Solution File, Format Version 12.00
# Visual Studio Version 16
VisualStudioVersion = 16.0.30503.244
MinimumVisualStudioVersion = 10.0.40219.1
Project("{9A19103F-16F7-4668-BE54-9A1E7A4F7556}") = "Bridges", "Bridges\Bridges.csproj", "{32A0C437-2DDF-4A11-B113-06690A5FE82D}"
EndProject
Project("{9A19103F-16F7-4668-BE54-9A1E7A4F7556}") = "BridgesRepo", "BridgesRepo\BridgesRepo.csproj", "{50C72195-C47C-458B-A788-E4CEB3CFAC10}"
EndProject
Project("{9A19103F-16F7-4668-BE54-9A1E7A4F7556}") = "BridgesDomain", "BridgesDomain\BridgesDomain.csproj", "{7EC326C1-7159-4A42-B3ED-449585B30288}"
EndProject
Project("{FAE04EC0-301F-11D3-BF4B-00C04F79EFBC}") = "BridgesUnitTests", "BridgesUnitTests\BridgesUnitTests.csproj", "{955E3711-0455-4439-B611-22ABBEF5C192}"
EndProject
Global
	GlobalSection(SolutionConfigurationPlatforms) = preSolution
		Debug|Any CPU = Debug|Any CPU
		Release|Any CPU = Release|Any CPU
	EndGlobalSection
	GlobalSection(ProjectConfigurationPlatforms) = postSolution
		{32A0C437-2DDF-4A11-B113-06690A5FE82D}.Debug|Any CPU.ActiveCfg = Debug|Any CPU
		{32A0C437-2DDF-4A11-B113-06690A5FE82D}.Debug|Any CPU.Build.0 = Debug|Any CPU
		{32A0C437-2DDF-4A11-B113-06690A5FE82D}.Release|Any CPU.ActiveCfg = Release|Any CPU
		{32A0C437-2DDF-4A11-B113-06690A5FE82D}.Release|Any CPU.Build.0 = Release|Any CPU
		{50C72195-C47C-458B-A788-E4CEB3CFAC10}.Debug|Any CPU.ActiveCfg = Debug|Any CPU
		{50C72195-C47C-458B-A788-E4CEB3CFAC10}.Debug|Any CPU.Build.0 = Debug|Any CPU
		{50C72195-C47C-458B-A788-E4CEB3CFAC10}.Release|Any CPU.ActiveCfg = Release|Any CPU
		{50C72195-C47C-458B-A788-E4CEB3CFAC10}.Release|Any CPU.Build.0 = Release|Any CPU
		{7EC326C1-7159-4A42-B3ED-449585B30288}.Debug|Any CPU.ActiveCfg = Debug|Any CPU
		{7EC326C1-7159-4A42-B3ED-449585B30288}.Debug|Any CPU.Build.0 = Debug|Any CPU
		{7EC326C1-7159-4A42-B3ED-449585B30288}.Release|Any CPU.ActiveCfg = Release|Any CPU
		{7EC326C1-7159-4A42-B3ED-449585B30288}.Release|Any CPU.Build.0 = Release|Any CPU
		{955E3711-0455-4439-B611-22ABBEF5C192}.Debug|Any CPU.ActiveCfg = Debug|Any CPU
		{955E3711-0455-4439-B611-22ABBEF5C192}.Debug|Any CPU.Build.0 = Debug|Any CPU
		{955E3711-0455-4439-B611-22ABBEF5C192}.Release|Any CPU.ActiveCfg = Release|Any CPU
		{955E3711-0455-4439-B611-22ABBEF5C192}.Release|Any CPU.Build.0 = Release|Any CPU
	EndGlobalSection
	GlobalSection(SolutionProperties) = preSolution
		HideSolutionNode = FALSE
	EndGlobalSection
	GlobalSection(ExtensibilityGlobals) = postSolution
		SolutionGuid = {6D2C0EB1-9079-4591-8200-642C4EC050D0}
	EndGlobalSection
EndGlobal
